
Microsoft Visual Studio Solution File, Format Version 12.00
# Visual Studio Version 17
VisualStudioVersion = 17.9.34607.119
MinimumVisualStudioVersion = 10.0.40219.1
Project("{8BC9CEB8-8B4A-11D0-8D11-00A0C91BC942}") = "threadsProject", "threadsProject.vcxproj", "{C5D6E3EE-A8FF-4E43-A1A2-B319273D9821}"
EndProject
Project("{8BC9CEB8-8B4A-11D0-8D11-00A0C91BC942}") = "threadsProjectTests", "tests\threadsProjectTests.vcxproj", "{946728C4-3E8E-4890-B133-5903322BAC9F}"
EndProject
Global
	GlobalSection(SolutionConfigurationPlatforms) = preSolution
		Debug|x64 = Debug|x64
		Debug|x86 = Debug|x86
		Release|x64 = Release|x64
		Release|x86 = Release|x86
	EndGlobalSection
	GlobalSection(ProjectConfigurationPlatforms) = postSolution
		{C5D6E3EE-A8FF-4E43-A1A2-B319273D9821}.Debug|x64.ActiveCfg = Debug|x64
		{C5D6E3EE-A8FF-4E43-A1A2-B319273D9821}.Debug|x64.Build.0 = Debug|x64
		{C5D6E3EE-A8FF-4E43-A1A2-B319273D9821}.Debug|x86.ActiveCfg = Debug|Win32
		{C5D6E3EE-A8FF-4E43-A1A2-B319273D9821}.Debug|x86.Build.0 = Debug|Win32
		{C5D6E3EE-A8FF-4E43-A1A2-B319273D9821}.Release|x64.ActiveCfg = Release|x64
		{C5D6E3EE-A8FF-4E43-A1A2-B319273D9821}.Release|x64.Build.0 = Release|x64
		{C5D6E3EE-A8FF-4E43-A1A2-B319273D9821}.Release|x86.ActiveCfg = Release|Win32
		{C5D6E3EE-A8FF-4E43-A1A2-B319273D9821}.Release|x86.Build.0 = Release|Win32
		{946728C4-3E8E-4890-B133-5903322BAC9F}.Debug|x64.ActiveCfg = Debug|x64
		{946728C4-3E8E-4890-B133-5903322BAC9F}.Debug|x64.Build.0 = Debug|x64
		{946728C4-3E8E-4890-B133-5903322BAC9F}.Debug|x86.ActiveCfg = Debug|Win32
		{946728C4-3E8E-4890-B133-5903322BAC9F}.Debug|x86.Build.0 = Debug|Win32
		{946728C4-3E8E-4890-B133-5903322BAC9F}.Release|x64.ActiveCfg = Release|x64
		{946728C4-3E8E-4890-B133-5903322BAC9F}.Release|x64.Build.0 = Release|x64
		{946728C4-3E8E-4890-B133-5903322BAC9F}.Release|x86.ActiveCfg = Release|Win32
		{946728C4-3E8E-4890-B133-5903322BAC9F}.Release|x86.Build.0 = Release|Win32
	EndGlobalSection
	GlobalSection(SolutionProperties) = preSolution
		HideSolutionNode = FALSE
	EndGlobalSection
	GlobalSection(ExtensibilityGlobals) = postSolution
		SolutionGuid = {54BE58E6-1BA8-466C-B2A2-EB6D31E3F295}
	EndGlobalSection
EndGlobal
